version = 1
revision = 3
requires-python = ">=3.14"

[[package]]
name = "certifi"
version = "2026.2.25"
source = { registry = "https://pypi.org/simple" }
sdist = { url = "https://files.pythonhosted.org/packages/af/2d/7bf41579a8986e348fa033a31cdd0e4121114f6bce2457e8876010b092dd/certifi-2026.2.25.tar.gz", hash = "sha256:e887ab5cee78ea814d3472169153c2d12cd43b14bd03329a39a9c6e2e80bfba7", size = 155029, upload-time = "2026-02-25T02:54:17.342Z" }
wheels = [
    { url = "https://files.pythonhosted.org/packages/9a/3c/c17fb3ca2d9c3acff52e30b309f538586f9f5b9c9cf454f3845fc9af4881/certifi-2026.2.25-py3-none-any.whl", hash = "sha256:027692e4402ad994f1c42e52a4997a9763c646b73e4096e4d5d6db8af1d6f0fa", size = 153684, upload-time = "2026-02-25T02:54:15.766Z" },
]

[[package]]
name = "defusedxml"
version = "0.7.1"
source = { registry = "https://pypi.org/simple" }
sdist = { url = "https://files.pythonhosted.org/packages/0f/d5/c66da9b79e5bdb124974bfe172b4daf3c984ebd9c2a06e2b8a4dc7331c72/defusedxml-0.7.1.tar.gz", hash = "sha256:1bb3032db185915b62d7c6209c5a8792be6a32ab2fedacc84e01b52c51aa3e69", size = 75520, upload-time = "2021-03-08T10:59:26.269Z" }
wheels = [
    { url = "https://files.pythonhosted.org/packages/07/6c/aa3f2f849e01cb6a001cd8554a88d4c77c5c1a31c95bdf1cf9301e6d9ef4/defusedxml-0.7.1-py2.py3-none-any.whl", hash = "sha256:a352e7e428770286cc899e2542b6cdaedb2b4953ff269a210103ec58f6198a61", size = 25604, upload-time = "2021-03-08T10:59:24.45Z" },
]

[[package]]
name = "heph"
version = "0.0.64"
source = { editable = "." }
dependencies = [
    { name = "certifi" },
    { name = "defusedxml" },
    { name = "prompt-toolkit" },
    { name = "pypdfium2" },
    { name = "rich" },
]

[package.dev-dependencies]
dev = [
    { name = "ruff" },
    { name = "ty" },
    { name = "vulture" },
]

[package.metadata]
requires-dist = [
    { name = "certifi", specifier = "==2026.2.25" },
    { name = "defusedxml", specifier = "==0.7.1" },
    { name = "prompt-toolkit", specifier = "==3.0.53" },
    { name = "pypdfium2", specifier = "==5.10.1" },
    { name = "rich", specifier = "==14.3.3" },
]

[package.metadata.requires-dev]
dev = [
    { name = "ruff", specifier = "==0.15.8" },
    { name = "ty", specifier = "==0.0.34" },
    { name = "vulture", specifier = "==2.16" },
]

[[package]]
name = "markdown-it-py"
version = "4.0.0"
source = { registry = "https://pypi.org/simple" }
dependencies = [
    { name = "mdurl" },
]
sdist = { url = "https://files.pythonhosted.org/packages/5b/f5/4ec618ed16cc4f8fb3b701563655a69816155e79e24a17b651541804721d/markdown_it_py-4.0.0.tar.gz", hash = "sha256:cb0a2b4aa34f932c007117b194e945bd74e0ec24133ceb5bac59009cda1cb9f3", size = 73070, upload-time = "2025-08-11T12:57:52.854Z" }
wheels = [
    { url = "https://files.pythonhosted.org/packages/94/54/e7d793b573f298e1c9013b8c4dade17d481164aa517d1d7148619c2cedbf/markdown_it_py-4.0.0-py3-none-any.whl", hash = "sha256:87327c59b172c5011896038353a81343b6754500a08cd7a4973bb48c6d578147", size = 87321, upload-time = "2025-08-11T12:57:51.923Z" },
]

[[package]]
name = "mdurl"
version = "0.1.2"
source = { registry = "https://pypi.org/simple" }
sdist = { url = "https://files.pythonhosted.org/packages/d6/54/cfe61301667036ec958cb99bd3efefba235e65cdeb9c84d24a8293ba1d90/mdurl-0.1.2.tar.gz", hash = "sha256:bb413d29f5eea38f31dd4754dd7377d4465116fb207585f97bf925588687c1ba", size = 8729, upload-time = "2022-08-14T12:40:10.846Z" }
wheels = [
    { url = "https://files.pythonhosted.org/packages/b3/38/89ba8ad64ae25be8de66a6d463314cf1eb366222074cfda9ee839c56a4b4/mdurl-0.1.2-py3-none-any.whl", hash = "sha256:84008a41e51615a49fc9966191ff91509e3c40b939176e643fd50a5c2196b8f8", size = 9979, upload-time = "2022-08-14T12:40:09.779Z" },
]

[[package]]
name = "prompt-toolkit"
version = "3.0.53"
source = { registry = "https://pypi.org/simple" }
dependencies = [
    { name = "wcwidth" },
]
sdist = { url = "https://files.pythonhosted.org/packages/7d/ea/39b988c938f75cb75d7045b5c69f8bfed47ee2152c8837fb403de29d6fb8/prompt_toolkit-3.0.53.tar.gz", hash = "sha256:9ec8a0ad96d5c56148b3f914aa79c1564c3fde5d2e6b876e7bc327e353cf8fa6", size = 435492, upload-time = "2026-07-26T20:56:14.758Z" }
wheels = [
    { url = "https://files.pythonhosted.org/packages/54/6f/84908cad2d6aa5144abcf7b42709fe4fdb459bc640ec7ac5786e7693dabc/prompt_toolkit-3.0.53-py3-none-any.whl", hash = "sha256:01c0891d7f9237d5e339f7d3e42cdae80b7534abb1c7c0e3352efba6231492f2", size = 392288, upload-time = "2026-07-26T20:56:12.512Z" },
]

[[package]]
name = "pygments"
version = "2.20.0"
source = { registry = "https://pypi.org/simple" }
sdist = { url = "https://files.pythonhosted.org/packages/c3/b2/bc9c9196916376152d655522fdcebac55e66de6603a76a02bca1b6414f6c/pygments-2.20.0.tar.gz", hash = "sha256:6757cd03768053ff99f3039c1a36d6c0aa0b263438fcab17520b30a303a82b5f", size = 4955991, upload-time = "2026-03-29T13:29:33.898Z" }
wheels = [
    { url = "https://files.pythonhosted.org/packages/f4/7e/a72dd26f3b0f4f2bf1dd8923c85f7ceb43172af56d63c7383eb62b332364/pygments-2.20.0-py3-none-any.whl", hash = "sha256:81a9e26dd42fd28a23a2d169d86d7ac03b46e2f8b59ed4698fb4785f946d0176", size = 1231151, upload-time = "2026-03-29T13:29:30.038Z" },
]

[[package]]
name = "pypdfium2"
version = "5.10.1"
source = { registry = "https://pypi.org/simple" }
sdist = { url = "https://files.pythonhosted.org/packages/1d/78/d9b45abb97a3686643f7c6472a5f7688f2013a373226121dc76b9debbacf/pypdfium2-5.10.1.tar.gz", hash = "sha256:f257d2011eb43c846b7e9f5a802e28646b29732763e4a35dd6ca76f9be580538", size = 272963, upload-time = "2026-06-15T10:09:16.179Z" }
wheels = [
    { url = "https://files.pythonhosted.org/packages/98/49/0b85fcc0d236582143a25cf275b0b4f5d786f51eb07a89ec9c79d43efe18/pypdfium2-5.10.1-py3-none-android_23_arm64_v8a.whl", hash = "sha256:13abf7a9f5e0ddebc8bbcccea5f13ae5abe8a298ea219e125b0fc24c1d2171b4", size = 3409176, upload-time = "2026-06-15T10:08:36.017Z" },
    { url = "https://files.pythonhosted.org/packages/20/d2/2f522c5b2ad5166edf256bb4dbab97de5d07b2573f8a5630ddfcd1f8d4ee/pypdfium2-5.10.1-py3-none-android_23_armeabi_v7a.whl", hash = "sha256:a0dc52b56631e2f7edcdb22bae3b155aa840bec32c5bd05781e90baaecee88e7", size = 2866175, upload-time = "2026-06-15T10:08:37.955Z" },
    { url = "https://files.pythonhosted.org/packages/a7/be/477548c026c2badfdbf4afc3358b7135121fb5bec2e2effcb67e3a674d0b/pypdfium2-5.10.1-py3-none-macosx_12_0_arm64.whl", hash = "sha256:ebb9e63f92d15fc41b359fe7a187233dfae37548800e1fa09cb2fc466ac89951", size = 3621427, upload-time = "2026-06-15T10:08:39.969Z" },
    { url = "https://files.pythonhosted.org/packages/8c/9b/0131c7f711b62c6edd6b200e9eb6340be6de4f6dc5baae625e3394d8d5fb/pypdfium2-5.10.1-py3-none-macosx_12_0_x86_64.whl", hash = "sha256:d04f2050b6b32bb18624688b600543342a4ab3aacf64bf66521a5af72bbc7de1", size = 3682825, upload-time = "2026-06-15T10:08:42.181Z" },
    { url = "https://files.pythonhosted.org/packages/9d/3d/bddfceb6e67e54d6dd1ab6c0f1feff796a89596e40f6345a3b4cc6a3d408/pypdfium2-5.10.1-py3-none-manylinux_2_17_aarch64.manylinux2014_aarch64.whl", hash = "sha256:0de53d2710ca9509fc2812340acc57c3f043697609068592d87de654f8cabf44", size = 3682206, upload-time = "2026-06-15T10:08:44.087Z" },
    { url = "https://files.pythonhosted.org/packages/58/08/dedeb25c6645fc8a5eda24f54e0b1d083b7334ababf5f518bb939d729cc0/pypdfium2-5.10.1-py3-none-manylinux_2_17_armv7l.manylinux2014_armv7l.whl", hash = "sha256:10a26ce04795f8ec079e81c707fcb5737061e8a78025babc3d6e36642e9c903a", size = 3413720, upload-time = "2026-06-15T10:08:45.739Z" },
    { url = "https://files.pythonhosted.org/packages/cc/48/69e1fc8b1216005243c6415183bbf6de1cda3f5a06758b3fa4a26a7385c6/pypdfium2-5.10.1-py3-none-manylinux_2_17_i686.manylinux2014_i686.whl", hash = "sha256:be6d2a8d1bcfd777188e7aa55a25c83f34d54e8350ad8810fb32017787d9b0d9", size = 3812913, upload-time = "2026-06-15T10:08:47.45Z" },
    { url = "https://files.pythonhosted.org/packages/72/7f/132455a58ad736d76815c6cd1307532c3f433299d945b9d2f8cc2387c309/pypdfium2-5.10.1-py3-none-manylinux_2_17_ppc64le.manylinux2014_ppc64le.whl", hash = "sha256:cf4d2527f79f31c550490cc74c9f32e19385a944630a3ef4cd4d9b6f961fbf77", size = 4223220, upload-time = "2026-06-15T10:08:49.099Z" },
    { url = "https://files.pythonhosted.org/packages/bf/8c/4d5804eca598bbe894e0a9a510807e221c1623e7276ce6b68fa2660dc933/pypdfium2-5.10.1-py3-none-manylinux_2_17_x86_64.manylinux2014_x86_64.whl", hash = "sha256:3ba127750bc3f4161461538d532d74491cd976f584f1753a6cee9cb821338ec1", size = 3738950, upload-time = "2026-06-15T10:08:50.821Z" },
    { url = "https://files.pythonhosted.org/packages/d1/7f/baac59bf14ff914d97789ee0368c22ae233aa857aa9c0726bcb515dbc4d7/pypdfium2-5.10.1-py3-none-manylinux_2_27_s390x.manylinux_2_28_s390x.whl", hash = "sha256:80f30517ee089dfbbc6e9de6da365b6e8c0ce8f80c40b7d4025a3b1d3bbd8a70", size = 4029869, upload-time = "2026-06-15T10:08:52.494Z" },
    { url = "https://files.pythonhosted.org/packages/d0/d7/a5d58a0bcba31a0e37ed636a76ef3d2d215733f28af61637287d061b0c54/pypdfium2-5.10.1-py3-none-manylinux_2_34_riscv64.manylinux_2_39_riscv64.whl", hash = "sha256:ad5f5de15febb788c6eb3853e58aceda9cd8c5187c92472abaeecf9558deb0cf", size = 3990927, upload-time = "2026-06-15T10:08:54.555Z" },
    { url = "https://files.pythonhosted.org/packages/da/1a/98eebd14b36812176297cf765d504ebeebc982f895c8a3a9fbd2717797de/pypdfium2-5.10.1-py3-none-musllinux_1_2_aarch64.whl", hash = "sha256:8947fa3cd808da33960bdf8ff9e5247aa94ccd94f0b09bb3402e99498d83bcc9", size = 4989624, upload-time = "2026-06-15T10:08:56.284Z" },
    { url = "https://files.pythonhosted.org/packages/1c/20/f2e124d607b8bb90a9f1ce976afff38c70e215cd7ea86af784cb2e8a19dd/pypdfium2-5.10.1-py3-none-musllinux_1_2_armv7l.whl", hash = "sha256:139a6387a3a2652f288e53164268bb03af4fa221d78484ee18407053a60082a3", size = 4535124, upload-time = "2026-06-15T10:08:58.214Z" },
    { url = "https://files.pythonhosted.org/packages/59/ef/469ea87f668a32ff3280ea15e522e3a7858d2c80f1ecc320ece1244624c9/pypdfium2-5.10.1-py3-none-musllinux_1_2_i686.whl", hash = "sha256:172ff3e10358d66456e27fb0b8b5098e28ec24e51072eb4b5b86077d550e21bb", size = 5229373, upload-time = "2026-06-15T10:09:00.702Z" },
    { url = "https://files.pythonhosted.org/packages/c3/48/c7ed3001f0c5e28114c98bf918c8121e422a65ba7323e1e12f3f28e2d278/pypdfium2-5.10.1-py3-none-musllinux_1_2_ppc64le.whl", hash = "sha256:09fda0609dc4749c9865a0315c447d6f2583a580693bcabd69980d3fbb22ad51", size = 5140010, upload-time = "2026-06-15T10:09:02.734Z" },
    { url = "https://files.pythonhosted.org/packages/b2/bc/00b731bfc1fdc0f3c7d91108fceb54978ff4f5a92336820e5ed6c12535ff/pypdfium2-5.10.1-py3-none-musllinux_1_2_riscv64.whl", hash = "sha256:6b01adcfe9aaf7a635a59bed5687fd4fd7b0da292664f050d4ebd2bfa5c70584", size = 4643310, upload-time = "2026-06-15T10:09:04.794Z" },
    { url = "https://files.pythonhosted.org/packages/9a/e8/3ad242233f657c19092a8c83684c8154b8d02a826535a6a2591d91aa5dde/pypdfium2-5.10.1-py3-none-musllinux_1_2_s390x.whl", hash = "sha256:610e14c37d2090b826dccc0604fc7e7612c0ce591190780ae228abdb9abb971e", size = 5087879, upload-time = "2026-06-15T10:09:06.861Z" },
    { url = "https://files.pythonhosted.org/packages/80/3f/9d0747a02ac3021ed3db7ac27c5187d97e78b0253a4bdfbf386666968474/pypdfium2-5.10.1-py3-none-musllinux_1_2_x86_64.whl", hash = "sha256:f2803020952afa57e1e148adc19369b835154e1fa251a1ca85008ab6466a710f", size = 5047369, upload-time = "2026-06-15T10:09:08.883Z" },
    { url = "https://files.pythonhosted.org/packages/9e/41/7d5187e9527eae81890a3b13193442112ef788d61ddaa68a6d59ac447bec/pypdfium2-5.10.1-py3-none-win32.whl", hash = "sha256:8702bb4f01ddfc8e7757b41b4c2c8392ac17c9f0234476e1e69672ea7c6d6aa0", size = 3680056, upload-time = "2026-06-15T10:09:10.95Z" },
    { url = "https://files.pythonhosted.org/packages/16/1d/c62bd59dd8345cc4b640f942f465633f6b07b859d01ddb648610a7bf5c7c/pypdfium2-5.10.1-py3-none-win_amd64.whl", hash = "sha256:58da5b51fb7884c7d21a05062ab13edb011d1a08dfd9694f3d5d685df62796b9", size = 3812105, upload-time = "2026-06-15T10:09:12.684Z" },
    { url = "https://files.pythonhosted.org/packages/10/d5/21bac39125df8a93e99c04583486b58a62b5997d6b3541e3ad0f69053392/pypdfium2-5.10.1-py3-none-win_arm64.whl", hash = "sha256:e3301c2f7a66fb8cb57dba857d0c9e90215e178f6602a87c5a306cd98513dab8", size = 3600043, upload-time = "2026-06-15T10:09:14.606Z" },
]

[[package]]
name = "rich"
version = "14.3.3"
source = { registry = "https://pypi.org/simple" }
dependencies = [
    { name = "markdown-it-py" },
    { name = "pygments" },
]
sdist = { url = "https://files.pythonhosted.org/packages/b3/c6/f3b320c27991c46f43ee9d856302c70dc2d0fb2dba4842ff739d5f46b393/rich-14.3.3.tar.gz", hash = "sha256:b8daa0b9e4eef54dd8cf7c86c03713f53241884e814f4e2f5fb342fe520f639b", size = 230582, upload-time = "2026-02-19T17:23:12.474Z" }
wheels = [
    { url = "https://files.pythonhosted.org/packages/14/25/b208c5683343959b670dc001595f2f3737e051da617f66c31f7c4fa93abc/rich-14.3.3-py3-none-any.whl", hash = "sha256:793431c1f8619afa7d3b52b2cdec859562b950ea0d4b6b505397612db8d5362d", size = 310458, upload-time = "2026-02-19T17:23:13.732Z" },
]

[[package]]
name = "ruff"
version = "0.15.8"
source = { registry = "https://pypi.org/simple" }
sdist = { url = "https://files.pythonhosted.org/packages/14/b0/73cf7550861e2b4824950b8b52eebdcc5adc792a00c514406556c5b80817/ruff-0.15.8.tar.gz", hash = "sha256:995f11f63597ee362130d1d5a327a87cb6f3f5eae3094c620bcc632329a4d26e", size = 4610921, upload-time = "2026-03-26T18:39:38.675Z" }
wheels = [
    { url = "https://files.pythonhosted.org/packages/4a/92/c445b0cd6da6e7ae51e954939cb69f97e008dbe750cfca89b8cedc081be7/ruff-0.15.8-py3-none-linux_armv6l.whl", hash = "sha256:cbe05adeba76d58162762d6b239c9056f1a15a55bd4b346cfd21e26cd6ad7bc7", size = 10527394, upload-time = "2026-03-26T18:39:41.566Z" },
    { url = "https://files.pythonhosted.org/packages/eb/92/f1c662784d149ad1414cae450b082cf736430c12ca78367f20f5ed569d65/ruff-0.15.8-py3-none-macosx_10_12_x86_64.whl", hash = "sha256:d3e3d0b6ba8dca1b7ef9ab80a28e840a20070c4b62e56d675c24f366ef330570", size = 10905693, upload-time = "2026-03-26T18:39:30.364Z" },
    { url = "https://files.pythonhosted.org/packages/ca/f2/7a631a8af6d88bcef997eb1bf87cc3da158294c57044aafd3e17030613de/ruff-0.15.8-py3-none-macosx_11_0_arm64.whl", hash = "sha256:6ee3ae5c65a42f273f126686353f2e08ff29927b7b7e203b711514370d500de3", size = 10323044, upload-time = "2026-03-26T18:39:33.37Z" },
    { url = "https://files.pythonhosted.org/packages/67/18/1bf38e20914a05e72ef3b9569b1d5c70a7ef26cd188d69e9ca8ef588d5bf/ruff-0.15.8-py3-none-manylinux_2_17_aarch64.manylinux2014_aarch64.whl", hash = "sha256:fdce027ada77baa448077ccc6ebb2fa9c3c62fd110d8659d601cf2f475858d94", size = 10629135, upload-time = "2026-03-26T18:39:44.142Z" },
    { url = "https://files.pythonhosted.org/packages/d2/e9/138c150ff9af60556121623d41aba18b7b57d95ac032e177b6a53789d279/ruff-0.15.8-py3-none-manylinux_2_17_armv7l.manylinux2014_armv7l.whl", hash = "sha256:12e617fc01a95e5821648a6df341d80456bd627bfab8a829f7cfc26a14a4b4a3", size = 10348041, upload-time = "2026-03-26T18:39:52.178Z" },
    { url = "https://files.pythonhosted.org/packages/02/f1/5bfb9298d9c323f842c5ddeb85f1f10ef51516ac7a34ba446c9347d898df/ruff-0.15.8-py3-none-manylinux_2_17_i686.manylinux2014_i686.whl", hash = "sha256:432701303b26416d22ba696c39f2c6f12499b89093b61360abc34bcc9bf07762", size = 11121987, upload-time = "2026-03-26T18:39:55.195Z" },
    { url = "https://files.pythonhosted.org/packages/10/11/6da2e538704e753c04e8d86b1fc55712fdbdcc266af1a1ece7a51fff0d10/ruff-0.15.8-py3-none-manylinux_2_17_ppc64le.manylinux2014_ppc64le.whl", hash = "sha256:d910ae974b7a06a33a057cb87d2a10792a3b2b3b35e33d2699fdf63ec8f6b17a", size = 11951057, upload-time = "2026-03-26T18:39:19.18Z" },
    { url = "https://files.pythonhosted.org/packages/83/f0/c9208c5fd5101bf87002fed774ff25a96eea313d305f1e5d5744698dc314/ruff-0.15.8-py3-none-manylinux_2_17_s390x.manylinux2014_s390x.whl", hash = "sha256:2033f963c43949d51e6fdccd3946633c6b37c484f5f98c3035f49c27395a8ab8", size = 11464613, upload-time = "2026-03-26T18:40:06.301Z" },
    { url = "https://files.pythonhosted.org/packages/f8/22/d7f2fabdba4fae9f3b570e5605d5eb4500dcb7b770d3217dca4428484b17/ruff-0.15.8-py3-none-manylinux_2_17_x86_64.manylinux2014_x86_64.whl", hash = "sha256:0f29b989a55572fb885b77464cf24af05500806ab4edf9a0fd8977f9759d85b1", size = 11257557, upload-time = "2026-03-26T18:39:57.972Z" },
    { url = "https://files.pythonhosted.org/packages/71/8c/382a9620038cf6906446b23ce8632ab8c0811b8f9d3e764f58bedd0c9a6f/ruff-0.15.8-py3-none-manylinux_2_31_riscv64.whl", hash = "sha256:ac51d486bf457cdc985a412fb1801b2dfd1bd8838372fc55de64b1510eff4bec", size = 11169440, upload-time = "2026-03-26T18:39:22.205Z" },
    { url = "https://files.pythonhosted.org/packages/4d/0d/0994c802a7eaaf99380085e4e40c845f8e32a562e20a38ec06174b52ef24/ruff-0.15.8-py3-none-musllinux_1_2_aarch64.whl", hash = "sha256:c9861eb959edab053c10ad62c278835ee69ca527b6dcd72b47d5c1e5648964f6", size = 10605963, upload-time = "2026-03-26T18:39:46.682Z" },
    { url = "https://files.pythonhosted.org/packages/19/aa/d624b86f5b0aad7cef6bbf9cd47a6a02dfdc4f72c92a337d724e39c9d14b/ruff-0.15.8-py3-none-musllinux_1_2_armv7l.whl", hash = "sha256:8d9a5b8ea13f26ae90838afc33f91b547e61b794865374f114f349e9036835fb", size = 10357484, upload-time = "2026-03-26T18:39:49.176Z" },
    { url = "https://files.pythonhosted.org/packages/35/c3/e0b7835d23001f7d999f3895c6b569927c4d39912286897f625736e1fd04/ruff-0.15.8-py3-none-musllinux_1_2_i686.whl", hash = "sha256:c2a33a529fb3cbc23a7124b5c6ff121e4d6228029cba374777bd7649cc8598b8", size = 10830426, upload-time = "2026-03-26T18:40:03.702Z" },
    { url = "https://files.pythonhosted.org/packages/f0/51/ab20b322f637b369383adc341d761eaaa0f0203d6b9a7421cd6e783d81b9/ruff-0.15.8-py3-none-musllinux_1_2_x86_64.whl", hash = "sha256:75e5cd06b1cf3f47a3996cfc999226b19aa92e7cce682dcd62f80d7035f98f49", size = 11345125, upload-time = "2026-03-26T18:39:27.799Z" },
    { url = "https://files.pythonhosted.org/packages/37/e6/90b2b33419f59d0f2c4c8a48a4b74b460709a557e8e0064cf33ad894f983/ruff-0.15.8-py3-none-win32.whl", hash = "sha256:bc1f0a51254ba21767bfa9a8b5013ca8149dcf38092e6a9eb704d876de94dc34", size = 10571959, upload-time = "2026-03-26T18:39:36.117Z" },
    { url = "https://files.pythonhosted.org/packages/1f/a2/ef467cb77099062317154c63f234b8a7baf7cb690b99af760c5b68b9ee7f/ruff-0.15.8-py3-none-win_amd64.whl", hash = "sha256:04f79eff02a72db209d47d665ba7ebcad609d8918a134f86cb13dd132159fc89", size = 11743893, upload-time = "2026-03-26T18:39:25.01Z" },
    { url = "https://files.pythonhosted.org/packages/15/e2/77be4fff062fa78d9b2a4dea85d14785dac5f1d0c1fb58ed52331f0ebe28/ruff-0.15.8-py3-none-win_arm64.whl", hash = "sha256:cf891fa8e3bb430c0e7fac93851a5978fc99c8fa2c053b57b118972866f8e5f2", size = 11048175, upload-time = "2026-03-26T18:40:01.06Z" },
]

[[package]]
name = "ty"
version = "0.0.34"
source = { registry = "https://pypi.org/simple" }
sdist = { url = "https://files.pythonhosted.org/packages/c4/69/e24eefe2c35c0fdbdec9b60e162727af669bb76d64d993d982eb67b24c38/ty-0.0.34.tar.gz", hash = "sha256:a6efe66b0f13c03a65e6c72ec9abfe2792e2fd063c74fa67e2c4930e29d661be", size = 5585933, upload-time = "2026-05-01T23:06:46.388Z" }
wheels = [
    { url = "https://files.pythonhosted.org/packages/83/7b/8b85003d6639ef17a97dcbb31f4511cfe78f1c81a964470db100c8c883e7/ty-0.0.34-py3-none-linux_armv6l.whl", hash = "sha256:9ecc3d14f07a95a6ceb88e07f8e62358dbd37325d3d5bd56da7217ff1fef7fb8", size = 11067094, upload-time = "2026-05-01T23:06:21.133Z" },
    { url = "https://files.pythonhosted.org/packages/d7/25/b0098f65b020b015c40567c763fc66fffbec88b2ba6f584bca1e92f05ebb/ty-0.0.34-py3-none-macosx_10_12_x86_64.whl", hash = "sha256:0dccffd8a9d02321cd2dee3249df205e26d62694e741f4eeca36b157fd8b419f", size = 10840909, upload-time = "2026-05-01T23:06:18.409Z" },
    { url = "https://files.pythonhosted.org/packages/e4/55/5e4adcf7d2a1006b844903b27cb81244a9b748d850433a46a6c21776c401/ty-0.0.34-py3-none-macosx_11_0_arm64.whl", hash = "sha256:b0ea47a2998e167ab3b21d2f4b5309a9cf33c297809f6d7e3e753252223174d0", size = 10279378, upload-time = "2026-05-01T23:06:37.962Z" },
    { url = "https://files.pythonhosted.org/packages/4d/91/f537dca0db8fe2558e8ab04d8941d687b384fcc1df5eb9023b2db75ac26c/ty-0.0.34-py3-none-manylinux_2_17_aarch64.manylinux2014_aarch64.whl", hash = "sha256:8b37da00b41a118a459ae56d8947e70651073fb33ebfbceb820e4a10b22d5023", size = 10817423, upload-time = "2026-05-01T23:06:26.247Z" },
    { url = "https://files.pythonhosted.org/packages/2c/c4/55a3ad1da2815af1009bdc1b8c90dc11a364cd314e4b48c5128ba9d38859/ty-0.0.34-py3-none-manylinux_2_17_armv7l.manylinux2014_armv7l.whl", hash = "sha256:81cbbb93c2342fe3de43e625d3a9eb149633e9f485e816ebf6395d08685355d8", size = 10851826, upload-time = "2026-05-01T23:06:24.198Z" },
    { url = "https://files.pythonhosted.org/packages/ce/8c/9c7606af22d73fb43ea4369472d9c66ece11231be73b0efe8e3c61655559/ty-0.0.34-py3-none-manylinux_2_17_i686.manylinux2014_i686.whl", hash = "sha256:4c5b4dea1594a021289e172582df9cde7089dce14b276fc650e7b212b1772e12", size = 11356318, upload-time = "2026-05-01T23:06:51.139Z" },
    { url = "https://files.pythonhosted.org/packages/20/54/bb423f663721ab4138b216425c6b55eaefd3a068243b24d6d8fe988f4e13/ty-0.0.34-py3-none-manylinux_2_17_ppc64le.manylinux2014_ppc64le.whl", hash = "sha256:030fb00aa2d2a5b5ae9d9183d574e0c82dae80566700a7490c43669d8ece40cd", size = 11902968, upload-time = "2026-05-01T23:06:35.82Z" },
    { url = "https://files.pythonhosted.org/packages/b6/22/01122b21ab6b534a2f618c6bbe5f1f7f49fd56f4b2ec8887cd6d40d08fb3/ty-0.0.34-py3-none-manylinux_2_17_s390x.manylinux2014_s390x.whl", hash = "sha256:5ae9555e24e36c63a8218e037a5a63f15579eb6aa94f41017e57cd41d335cfb5", size = 11548860, upload-time = "2026-05-01T23:06:42.155Z" },
    { url = "https://files.pythonhosted.org/packages/d1/50/86008b1392ec64bed1957bbcc7aaa43b466b50dfc91bb131841c21d7c5c3/ty-0.0.34-py3-none-manylinux_2_17_x86_64.manylinux2014_x86_64.whl", hash = "sha256:99eb23df9ed129fc26d1ab00d6f0b8dfe5253b09c2ac6abdb11523fa70d67f10", size = 11457097, upload-time = "2026-05-01T23:06:53.477Z" },
    { url = "https://files.pythonhosted.org/packages/92/3e/4558b2296963ba99c58d8409c57d7db4f3061b656c3613cb21c02c1ef4c2/ty-0.0.34-py3-none-musllinux_1_2_aarch64.whl", hash = "sha256:85de45382016eceae69e104815eb2cfa200787df104002e262a86cbd43ed2c02", size = 10798192, upload-time = "2026-05-01T23:06:40.004Z" },
    { url = "https://files.pythonhosted.org/packages/76/bf/650d24402be2ef678528d60caac1d9477a40fc37e3792ecef07834fd7a4a/ty-0.0.34-py3-none-musllinux_1_2_armv7l.whl", hash = "sha256:14cb575fb8fa5131f5129d100cfe23c1575d23faf5dfc5158432749a3e38c9b5", size = 10890390, upload-time = "2026-05-01T23:06:33.076Z" },
    { url = "https://files.pythonhosted.org/packages/5c/ef/ccd2ca13906079f7935fd7e067661b24233017f57d987d51d6a121d85bb5/ty-0.0.34-py3-none-musllinux_1_2_i686.whl", hash = "sha256:c6fc0b69d8450e6910ba9db34572b959b81329a97ae273c391f70e9fb6c1aade", size = 11031564, upload-time = "2026-05-01T23:06:55.812Z" },
    { url = "https://files.pythonhosted.org/packages/ba/2d/d27b72005b6f43599e3bcabab0d7135ac0c230b7a307bb99f9eea02c1cda/ty-0.0.34-py3-none-musllinux_1_2_x86_64.whl", hash = "sha256:30dfcec2f0fde3993f4f912ed0e057dcbebc8615299f610a4c2ddb7b5a3e1e06", size = 11553430, upload-time = "2026-05-01T23:06:31.096Z" },
    { url = "https://files.pythonhosted.org/packages/a7/12/20812e1ad930b8d4af70eebf19ad23cff6e31efcfa613ef884531fcdbaa1/ty-0.0.34-py3-none-win32.whl", hash = "sha256:97b77ddf007271b812a313a8f0a14929bc5590958433e1fb83ef585676f53342", size = 10436048, upload-time = "2026-05-01T23:06:49.108Z" },
    { url = "https://files.pythonhosted.org/packages/b0/6a/afa095c5987868fbda27c0f731146ac8e3d07b357adfa83daccaee5b1a16/ty-0.0.34-py3-none-win_amd64.whl", hash = "sha256:1f543968accb952705134028d1fda8656882787dbbc667ad4d6c3ba23791d604", size = 11462526, upload-time = "2026-05-01T23:06:28.514Z" },
    { url = "https://files.pythonhosted.org/packages/63/8f/bf041a06260d77662c0605e56dacfe90b786bf824cbe1aed238d15fe5e84/ty-0.0.34-py3-none-win_arm64.whl", hash = "sha256:ea09108cbcb16b6b06d7596312b433bf49681e78d30e4dc7fb3c1b248a95e09a", size = 10846945, upload-time = "2026-05-01T23:06:44.428Z" },
]

[[package]]
name = "vulture"
version = "2.16"
source = { registry = "https://pypi.org/simple" }
sdist = { url = "https://files.pythonhosted.org/packages/66/3e/4d08c5903b2c0c70cad583c170cc4a663fc6a61e2ad00b711fcda61358cd/vulture-2.16.tar.gz", hash = "sha256:f8d9f6e2af03011664a3c6c240c9765b3f392917d3135fddca6d6a68d359f717", size = 52680, upload-time = "2026-03-25T14:41:27.141Z" }
wheels = [
    { url = "https://files.pythonhosted.org/packages/f5/be/f935130312330614811dae2ea9df3f395f6d63889eb6c2e68c14507152ee/vulture-2.16-py3-none-any.whl", hash = "sha256:6e0f1c312cef1c87856957e5c2ca9608834a7c794c2180477f30bf0e4cc58eee", size = 26993, upload-time = "2026-03-25T14:41:26.21Z" },
]

[[package]]
name = "wcwidth"
version = "0.9.1"
source = { registry = "https://pypi.org/simple" }
sdist = { url = "https://files.pythonhosted.org/packages/dc/ac/3a943d2792c9bb368aaa8b50121c0f778460ba2d7fbdc0a0366201d9e761/wcwidth-0.9.1.tar.gz", hash = "sha256:5823209b0d43af322ce698c689380d7c15ca31fa8e6e3be8459f27031bef0af5", size = 952410, upload-time = "2026-09-23T20:23:49.127Z" }
wheels = [
    { url = "https://files.pythonhosted.org/packages/48/7c/130de33c0a7f6efecee28fef5711fc1f8d55ac33885a6b85f4f6689004ba/wcwidth-0.9.1-cp310-abi3-macosx_10_9_x86_64.whl", hash = "sha256:10b00ba23482e352f874d2e8135e7ace9da838646c7dd800566246bbd46125ff", size = 604219, upload-time = "2026-09-23T20:23:22.071Z" },
    { url = "https://files.pythonhosted.org/packages/33/7c/c7bb03da54de7ac5a08753e186b963f91847b04ed8ae5be136a4d5f52b75/wcwidth-0.9.1-cp310-abi3-macosx_11_0_arm64.whl", hash = "sha256:40d936d72c9bdc10df43f93a8be502bc5024b487259139f66a328722c07f34a9", size = 609038, upload-time = "2026-09-23T20:23:24.941Z" },
    { url = "https://files.pythonhosted.org/packages/0b/71/f57effdf895c2d6d49333f1d6833a9f5438725c55a04ed3124a1c95bb3aa/wcwidth-0.9.1-cp310-abi3-manylinux1_i686.manylinux2014_i686.manylinux_2_17_i686.manylinux_2_5_i686.whl", hash = "sha256:69bb970cf5652b88cfdb9d3fdd1764fc15e5f8ad531643e7bb3e894cd969740e", size = 761464, upload-time = "2026-09-23T20:23:32.425Z" },
    { url = "https://files.pythonhosted.org/packages/4f/16/15b03d8fb7a747d0d2cf4a33da7b1b3e092493c58780f6589d5b1e9e3b49/wcwidth-0.9.1-cp310-abi3-manylinux2014_aarch64.manylinux_2_17_aarch64.whl", hash = "sha256:b5da43d6967668982e44a52fb551967d293f86d26cd86036ac95bbdd34394ed9", size = 770483, upload-time = "2026-09-23T20:23:28.128Z" },
    { url = "https://files.pythonhosted.org/packages/e2/a0/834886b30e3b885a5a96e8358f1b3917bc0bac43ae4178d77f0c210d079b/wcwidth-0.9.1-cp310-abi3-manylinux2014_x86_64.manylinux_2_17_x86_64.whl", hash = "sha256:747fb724223f417a17541a95a17c1dac3a8ef9a0cf41684950f0eab191a35f65", size = 768443, upload-time = "2026-09-23T20:23:33.875Z" },
    { url = "https://files.pythonhosted.org/packages/a2/ae/1b7597e0132ebc2c920632f39d8c1c61881345c9b480c0a95eb91e7460fa/wcwidth-0.9.1-cp310-abi3-musllinux_1_2_aarch64.whl", hash = "sha256:6e1272b7986cefe79783737e38bdb9eaae0682b333c7bd132024441193dd5ce7", size = 781171, upload-time = "2026-09-23T20:23:29.46Z" },
    { url = "https://files.pythonhosted.org/packages/fb/bb/32149e3b481953f4ef35f38f166e2532886d33ae54ccdd71393f821dfad9/wcwidth-0.9.1-cp310-abi3-musllinux_1_2_i686.whl", hash = "sha256:fe021c4d8de9d36c31a0cb41d0d2546dadd3b0708a301f1a0c66ce200851831f", size = 781576, upload-time = "2026-09-23T20:23:35.504Z" },
    { url = "https://files.pythonhosted.org/packages/d6/72/1ee3dff67697bda93bc56ec9f7b3b89609cd64b9abb328512a2f22eb9e47/wcwidth-0.9.1-cp310-abi3-musllinux_1_2_x86_64.whl", hash = "sha256:708158c082364af442f9983de7b6ec9ac0d2e1b825ada25f0911b1f138d55405", size = 783526, upload-time = "2026-09-23T20:23:36.937Z" },
    { url = "https://files.pythonhosted.org/packages/ce/0a/e94f19a60f6127bcf3dfcf223ca05a37650d57b37b5ed623597c842ce7ca/wcwidth-0.9.1-cp310-abi3-win32.whl", hash = "sha256:356376852357b8fca71fe5415808ec421679e04b4a98eb7c9cb6a7984b911a05", size = 592136, upload-time = "2026-09-23T20:23:43.774Z" },
    { url = "https://files.pythonhosted.org/packages/3c/ff/d884d2ec7dcdc86cda742a86c7160bc726dbccae76d7ae1f9ac833c26680/wcwidth-0.9.1-cp310-abi3-win_amd64.whl", hash = "sha256:991d1c8834f548e9c1f16432075ee84638e122312556bbf1ed595ea8fffc4673", size = 596738, upload-time = "2026-09-23T20:23:44.989Z" },
    { url = "https://files.pythonhosted.org/packages/fa/93/16e30d617b937272a2310a6e3c1f9d8f94984e19ad4a96eb935628e3e6b6/wcwidth-0.9.1-cp310-abi3-win_arm64.whl", hash = "sha256:61bd7aef9cafb6cb77a37a169998d7928ce82a51522146d11f60db9e7d1cb43a", size = 594700, upload-time = "2026-09-23T20:23:41.013Z" },
    { url = "https://files.pythonhosted.org/packages/0b/fb/bf93868205814f03d63e5b91757cf5bee99e024ce951c2e91fdeaab49c59/wcwidth-0.9.1-cp314-cp314t-macosx_10_15_x86_64.whl", hash = "sha256:dc10e262c3ac0abbfd0a2a51e45a848b1b7f500b21ff512630277973ba25674d", size = 605391, upload-time = "2026-09-23T20:23:23.602Z" },
    { url = "https://files.pythonhosted.org/packages/59/bb/dd3ae682f8ab13b1bffd8d52320d2f7becc16e3200580015f52124636e3a/wcwidth-0.9.1-cp314-cp314t-macosx_11_0_arm64.whl", hash = "sha256:bcb9ed4a367cc025bf1092ac679a156759605182d60b7ed3c28f7221a42ddf55", size = 609851, upload-time = "2026-09-23T20:23:26.583Z" },
    { url = "https://files.pythonhosted.org/packages/56/e7/4f3a86953ab1f59eac15585795f7753da99370798f75b134d3cbf252b243/wcwidth-0.9.1-cp314-cp314t-manylinux1_i686.manylinux2014_i686.manylinux_2_17_i686.manylinux_2_5_i686.whl", hash = "sha256:0d68a30d504c68cfdff2a5f804675c1e7ab4c0bbe878024c8b680ec5579cde67", size = 774751, upload-time = "2026-09-23T20:23:38.473Z" },
    { url = "https://files.pythonhosted.org/packages/48/0c/a456332bb581ebf3eb1a7dedb1492747b15772ce82c0717cc05387a64a17/wcwidth-0.9.1-cp314-cp314t-manylinux2014_aarch64.manylinux_2_17_aarch64.whl", hash = "sha256:9f1636c5075ffd5c2e835b4561874f6e5dd2bbeba3c6c2c99f067d0d16883af8", size = 785798, upload-time = "2026-09-23T20:23:30.998Z" },
    { url = "https://files.pythonhosted.org/packages/1b/6e/a35de089370d6d872c5424d234e00a8580e62c1bff518ff583750e7b15f7/wcwidth-0.9.1-cp314-cp314t-manylinux2014_x86_64.manylinux_2_17_x86_64.whl", hash = "sha256:c4cead196551112cb8f43cdd1f80c235ef2456e34b1a9955c424537ec99961b2", size = 782933, upload-time = "2026-09-23T20:23:39.672Z" },
    { url = "https://files.pythonhosted.org/packages/ed/25/e39b6140d05f3aa8e2a6cbb2d679cba5767de7ac0a4860d1da246b6c36b3/wcwidth-0.9.1-cp314-cp314t-win32.whl", hash = "sha256:0665ee822ea04e25801e6e82e5407528be0863e88a17b0e7ca038843a4a3ac0c", size = 599829, upload-time = "2026-09-23T20:23:46.221Z" },
    { url = "https://files.pythonhosted.org/packages/12/ad/307b55d8e0a9484c48e8f78f40e9b9a4a9af0c9e2e1c5209ad6d5a09c77c/wcwidth-0.9.1-cp314-cp314t-win_amd64.whl", hash = "sha256:eab587e18e7cadf1a750b0098fc8bebfb62c125eb9306f2268f0443a282a3d78", size = 604398, upload-time = "2026-09-23T20:23:47.672Z" },
    { url = "https://files.pythonhosted.org/packages/36/f1/69566660f633e2a93df7dad7353761562e9f71bf8a5a7b1eb7f34793b45d/wcwidth-0.9.1-cp314-cp314t-win_arm64.whl", hash = "sha256:03cfca3dcbffa86564290fe3c9978a6191ba003e8ced7f7dbda315fcb3fbe725", size = 602291, upload-time = "2026-09-23T20:23:42.345Z" },
    { url = "https://files.pythonhosted.org/packages/96/a2/f06f2e0be4895e5943d358755b51968ace85774cf0a4cc42b4dafb793832/wcwidth-0.9.1-py3-none-any.whl", hash = "sha256:e0c3a1c45c5b9550c6919a4449e95f5b177f6e165786376981db8f1addae9b21", size = 300656, upload-time = "2026-09-23T20:23:20.674Z" },
]
